
Microsoft Visual Studio Solution File, Format Version 12.00
# Visual Studio Version 16
VisualStudioVersion = 16.0.31424.327
MinimumVisualStudioVersion = 10.0.40219.1
Project("{9A19103F-16F7-4668-BE54-9A1E7A4F7556}") = "Flappy bird", "Flappy bird.csproj", "{616611C5-D46D-4AB7-8AFB-102B8739BD64}"
EndProject
Global
	GlobalSection(SolutionConfigurationPlatforms) = preSolution
		Debug|Any CPU = Debug|Any CPU
		Release|Any CPU = Release|Any CPU
	EndGlobalSection
	GlobalSection(ProjectConfigurationPlatforms) = postSolution
		{616611C5-D46D-4AB7-8AFB-102B8739BD64}.Debug|Any CPU.ActiveCfg = Debug|Any CPU
		{616611C5-D46D-4AB7-8AFB-102B8739BD64}.Debug|Any CPU.Build.0 = Debug|Any CPU
		{616611C5-D46D-4AB7-8AFB-102B8739BD64}.Release|Any CPU.ActiveCfg = Release|Any CPU
		{616611C5-D46D-4AB7-8AFB-102B8739BD64}.Release|Any CPU.Build.0 = Release|Any CPU
	EndGlobalSection
	GlobalSection(SolutionProperties) = preSolution
		HideSolutionNode = FALSE
	EndGlobalSection
	GlobalSection(ExtensibilityGlobals) = postSolution
		SolutionGuid = {95A7042D-2F2D-49F9-A17F-180F8F3D165D}
	EndGlobalSection
EndGlobal
